
Microsoft Visual Studio Solution File, Format Version 12.00
# Visual Studio 15
VisualStudioVersion = 15.0.28307.168
MinimumVisualStudioVersion = 10.0.40219.1
Project("{FAE04EC0-301F-11D3-BF4B-00C04F79EFBC}") = "Prospect", "Prospect\Prospect.csproj", "{87C3AF68-A0B3-4100-B8D0-C9D81F0D8691}"
EndProject
Project("{8BC9CEB8-8B4A-11D0-8D11-00A0C91BC942}") = "VideoCapture", "VideoCapture\VideoCapture.vcxproj", "{8F196E0B-FF9A-4387-8529-97D7E38E9AC7}"
EndProject
Project("{FAE04EC0-301F-11D3-BF4B-00C04F79EFBC}") = "VideoController", "VideoController\VideoController.csproj", "{97108BDE-6E62-4FA0-8707-645594D592E8}"
EndProject
Project("{FAE04EC0-301F-11D3-BF4B-00C04F79EFBC}") = "Microsoft.ApplicationBlocks.Data", "Microsoft.ApplicationBlocks.Data\Microsoft.ApplicationBlocks.Data.csproj", "{30933672-466E-4F67-A111-ABF267539146}"
EndProject
Project("{FAE04EC0-301F-11D3-BF4B-00C04F79EFBC}") = "RisCaptureLib", "RisCaptureLib\RisCaptureLib.csproj", "{DE79C6AB-B5A9-4BAF-80FA-22835452785F}"
EndProject
Project("{54435603-DBB4-11D2-8724-00A0C9A8B90C}") = "ProspectSetup", "ProspectSetup\ProspectSetup.vdproj", "{251CF80D-C7B5-4EF4-A112-BF073245AA4A}"
EndProject
Global
	GlobalSection(SolutionConfigurationPlatforms) = preSolution
		Debug_MBCS|Any CPU = Debug_MBCS|Any CPU
		Debug_MBCS|Mixed Platforms = Debug_MBCS|Mixed Platforms
		Debug_MBCS|Win32 = Debug_MBCS|Win32
		Debug_MBCS|x64 = Debug_MBCS|x64
		Debug_MBCS|x86 = Debug_MBCS|x86
		Debug|Any CPU = Debug|Any CPU
		Debug|Mixed Platforms = Debug|Mixed Platforms
		Debug|Win32 = Debug|Win32
		Debug|x64 = Debug|x64
		Debug|x86 = Debug|x86
		Release_MBCS|Any CPU = Release_MBCS|Any CPU
		Release_MBCS|Mixed Platforms = Release_MBCS|Mixed Platforms
		Release_MBCS|Win32 = Release_MBCS|Win32
		Release_MBCS|x64 = Release_MBCS|x64
		Release_MBCS|x86 = Release_MBCS|x86
		Release|Any CPU = Release|Any CPU
		Release|Mixed Platforms = Release|Mixed Platforms
		Release|Win32 = Release|Win32
		Release|x64 = Release|x64
		Release|x86 = Release|x86
	EndGlobalSection
	GlobalSection(ProjectConfigurationPlatforms) = postSolution
		{87C3AF68-A0B3-4100-B8D0-C9D81F0D8691}.Debug_MBCS|Any CPU.ActiveCfg = Debug|x86
		{87C3AF68-A0B3-4100-B8D0-C9D81F0D8691}.Debug_MBCS|Mixed Platforms.ActiveCfg = Debug|x86
		{87C3AF68-A0B3-4100-B8D0-C9D81F0D8691}.Debug_MBCS|Mixed Platforms.Build.0 = Debug|x86
		{87C3AF68-A0B3-4100-B8D0-C9D81F0D8691}.Debug_MBCS|Win32.ActiveCfg = Debug|x86
		{87C3AF68-A0B3-4100-B8D0-C9D81F0D8691}.Debug_MBCS|x64.ActiveCfg = Debug|x86
		{87C3AF68-A0B3-4100-B8D0-C9D81F0D8691}.Debug_MBCS|x86.ActiveCfg = Debug|x86
		{87C3AF68-A0B3-4100-B8D0-C9D81F0D8691}.Debug_MBCS|x86.Build.0 = Debug|x86
		{87C3AF68-A0B3-4100-B8D0-C9D81F0D8691}.Debug|Any CPU.ActiveCfg = Debug|x86
		{87C3AF68-A0B3-4100-B8D0-C9D81F0D8691}.Debug|Any CPU.Build.0 = Debug|x86
		{87C3AF68-A0B3-4100-B8D0-C9D81F0D8691}.Debug|Mixed Platforms.ActiveCfg = Debug|x86
		{87C3AF68-A0B3-4100-B8D0-C9D81F0D8691}.Debug|Mixed Platforms.Build.0 = Debug|x86
		{87C3AF68-A0B3-4100-B8D0-C9D81F0D8691}.Debug|Win32.ActiveCfg = Debug|x86
		{87C3AF68-A0B3-4100-B8D0-C9D81F0D8691}.Debug|x64.ActiveCfg = Debug|x86
		{87C3AF68-A0B3-4100-B8D0-C9D81F0D8691}.Debug|x86.ActiveCfg = Debug|x86
		{87C3AF68-A0B3-4100-B8D0-C9D81F0D8691}.Debug|x86.Build.0 = Debug|x86
		{87C3AF68-A0B3-4100-B8D0-C9D81F0D8691}.Release_MBCS|Any CPU.ActiveCfg = Release|x86
		{87C3AF68-A0B3-4100-B8D0-C9D81F0D8691}.Release_MBCS|Mixed Platforms.ActiveCfg = Release|x86
		{87C3AF68-A0B3-4100-B8D0-C9D81F0D8691}.Release_MBCS|Mixed Platforms.Build.0 = Release|x86
		{87C3AF68-A0B3-4100-B8D0-C9D81F0D8691}.Release_MBCS|Win32.ActiveCfg = Release|x86
		{87C3AF68-A0B3-4100-B8D0-C9D81F0D8691}.Release_MBCS|x64.ActiveCfg = Release|x86
		{87C3AF68-A0B3-4100-B8D0-C9D81F0D8691}.Release_MBCS|x86.ActiveCfg = Release|x86
		{87C3AF68-A0B3-4100-B8D0-C9D81F0D8691}.Release_MBCS|x86.Build.0 = Release|x86
		{87C3AF68-A0B3-4100-B8D0-C9D81F0D8691}.Release|Any CPU.ActiveCfg = Release|x86
		{87C3AF68-A0B3-4100-B8D0-C9D81F0D8691}.Release|Mixed Platforms.ActiveCfg = Release|x86
		{87C3AF68-A0B3-4100-B8D0-C9D81F0D8691}.Release|Mixed Platforms.Build.0 = Release|x86
		{87C3AF68-A0B3-4100-B8D0-C9D81F0D8691}.Release|Win32.ActiveCfg = Release|x86
		{87C3AF68-A0B3-4100-B8D0-C9D81F0D8691}.Release|x64.ActiveCfg = Release|x86
		{87C3AF68-A0B3-4100-B8D0-C9D81F0D8691}.Release|x86.ActiveCfg = Release|x86
		{87C3AF68-A0B3-4100-B8D0-C9D81F0D8691}.Release|x86.Build.0 = Release|x86
		{8F196E0B-FF9A-4387-8529-97D7E38E9AC7}.Debug_MBCS|Any CPU.ActiveCfg = Debug|Win32
		{8F196E0B-FF9A-4387-8529-97D7E38E9AC7}.Debug_MBCS|Mixed Platforms.ActiveCfg = Debug|Win32
		{8F196E0B-FF9A-4387-8529-97D7E38E9AC7}.Debug_MBCS|Mixed Platforms.Build.0 = Debug|Win32
		{8F196E0B-FF9A-4387-8529-97D7E38E9AC7}.Debug_MBCS|Win32.ActiveCfg = Debug|Win32
		{8F196E0B-FF9A-4387-8529-97D7E38E9AC7}.Debug_MBCS|Win32.Build.0 = Debug|Win32
		{8F196E0B-FF9A-4387-8529-97D7E38E9AC7}.Debug_MBCS|x64.ActiveCfg = Debug|Win32
		{8F196E0B-FF9A-4387-8529-97D7E38E9AC7}.Debug_MBCS|x86.ActiveCfg = Debug|Win32
		{8F196E0B-FF9A-4387-8529-97D7E38E9AC7}.Debug|Any CPU.ActiveCfg = Debug|Win32
		{8F196E0B-FF9A-4387-8529-97D7E38E9AC7}.Debug|Any CPU.Build.0 = Debug|Win32
		{8F196E0B-FF9A-4387-8529-97D7E38E9AC7}.Debug|Mixed Platforms.ActiveCfg = Debug|Win32
		{8F196E0B-FF9A-4387-8529-97D7E38E9AC7}.Debug|Mixed Platforms.Build.0 = Debug|Win32
		{8F196E0B-FF9A-4387-8529-97D7E38E9AC7}.Debug|Win32.ActiveCfg = Debug|Win32
		{8F196E0B-FF9A-4387-8529-97D7E38E9AC7}.Debug|Win32.Build.0 = Debug|Win32
		{8F196E0B-FF9A-4387-8529-97D7E38E9AC7}.Debug|x64.ActiveCfg = Debug|Win32
		{8F196E0B-FF9A-4387-8529-97D7E38E9AC7}.Debug|x86.ActiveCfg = Debug|Win32
		{8F196E0B-FF9A-4387-8529-97D7E38E9AC7}.Debug|x86.Build.0 = Debug|Win32
		{8F196E0B-FF9A-4387-8529-97D7E38E9AC7}.Release_MBCS|Any CPU.ActiveCfg = Release|Win32
		{8F196E0B-FF9A-4387-8529-97D7E38E9AC7}.Release_MBCS|Mixed Platforms.ActiveCfg = Release|Win32
		{8F196E0B-FF9A-4387-8529-97D7E38E9AC7}.Release_MBCS|Mixed Platforms.Build.0 = Release|Win32
		{8F196E0B-FF9A-4387-8529-97D7E38E9AC7}.Release_MBCS|Win32.ActiveCfg = Release|Win32
		{8F196E0B-FF9A-4387-8529-97D7E38E9AC7}.Release_MBCS|Win32.Build.0 = Release|Win32
		{8F196E0B-FF9A-4387-8529-97D7E38E9AC7}.Release_MBCS|x64.ActiveCfg = Release|Win32
		{8F196E0B-FF9A-4387-8529-97D7E38E9AC7}.Release_MBCS|x86.ActiveCfg = Release|Win32
		{8F196E0B-FF9A-4387-8529-97D7E38E9AC7}.Release|Any CPU.ActiveCfg = Release|Win32
		{8F196E0B-FF9A-4387-8529-97D7E38E9AC7}.Release|Mixed Platforms.ActiveCfg = Release|Win32
		{8F196E0B-FF9A-4387-8529-97D7E38E9AC7}.Release|Mixed Platforms.Build.0 = Release|Win32
		{8F196E0B-FF9A-4387-8529-97D7E38E9AC7}.Release|Win32.ActiveCfg = Release|Win32
		{8F196E0B-FF9A-4387-8529-97D7E38E9AC7}.Release|Win32.Build.0 = Release|Win32
		{8F196E0B-FF9A-4387-8529-97D7E38E9AC7}.Release|x64.ActiveCfg = Release|Win32
		{8F196E0B-FF9A-4387-8529-97D7E38E9AC7}.Release|x86.ActiveCfg = Release|Win32
		{8F196E0B-FF9A-4387-8529-97D7E38E9AC7}.Release|x86.Build.0 = Release|Win32
		{97108BDE-6E62-4FA0-8707-645594D592E8}.Debug_MBCS|Any CPU.ActiveCfg = Debug|Any CPU
		{97108BDE-6E62-4FA0-8707-645594D592E8}.Debug_MBCS|Any CPU.Build.0 = Debug|Any CPU
		{97108BDE-6E62-4FA0-8707-645594D592E8}.Debug_MBCS|Mixed Platforms.ActiveCfg = Debug|Any CPU
		{97108BDE-6E62-4FA0-8707-645594D592E8}.Debug_MBCS|Mixed Platforms.Build.0 = Debug|Any CPU
		{97108BDE-6E62-4FA0-8707-645594D592E8}.Debug_MBCS|Win32.ActiveCfg = Debug|Any CPU
		{97108BDE-6E62-4FA0-8707-645594D592E8}.Debug_MBCS|x64.ActiveCfg = Debug|Any CPU
		{97108BDE-6E62-4FA0-8707-645594D592E8}.Debug_MBCS|x86.ActiveCfg = Debug|Any CPU
		{97108BDE-6E62-4FA0-8707-645594D592E8}.Debug|Any CPU.ActiveCfg = Debug|Any CPU
		{97108BDE-6E62-4FA0-8707-645594D592E8}.Debug|Any CPU.Build.0 = Debug|Any CPU
		{97108BDE-6E62-4FA0-8707-645594D592E8}.Debug|Mixed Platforms.ActiveCfg = Debug|Any CPU
		{97108BDE-6E62-4FA0-8707-645594D592E8}.Debug|Mixed Platforms.Build.0 = Debug|Any CPU
		{97108BDE-6E62-4FA0-8707-645594D592E8}.Debug|Win32.ActiveCfg = Debug|Any CPU
		{97108BDE-6E62-4FA0-8707-645594D592E8}.Debug|x64.ActiveCfg = Debug|Any CPU
		{97108BDE-6E62-4FA0-8707-645594D592E8}.Debug|x86.ActiveCfg = Debug|Any CPU
		{97108BDE-6E62-4FA0-8707-645594D592E8}.Debug|x86.Build.0 = Debug|Any CPU
		{97108BDE-6E62-4FA0-8707-645594D592E8}.Release_MBCS|Any CPU.ActiveCfg = Release|Any CPU
		{97108BDE-6E62-4FA0-8707-645594D592E8}.Release_MBCS|Any CPU.Build.0 = Release|Any CPU
		{97108BDE-6E62-4FA0-8707-645594D592E8}.Release_MBCS|Mixed Platforms.ActiveCfg = Release|Any CPU
		{97108BDE-6E62-4FA0-8707-645594D592E8}.Release_MBCS|Mixed Platforms.Build.0 = Release|Any CPU
		{97108BDE-6E62-4FA0-8707-645594D592E8}.Release_MBCS|Win32.ActiveCfg = Release|Any CPU
		{97108BDE-6E62-4FA0-8707-645594D592E8}.Release_MBCS|x64.ActiveCfg = Release|Any CPU
		{97108BDE-6E62-4FA0-8707-645594D592E8}.Release_MBCS|x86.ActiveCfg = Release|Any CPU
		{97108BDE-6E62-4FA0-8707-645594D592E8}.Release|Any CPU.ActiveCfg = Release|Any CPU
		{97108BDE-6E62-4FA0-8707-645594D592E8}.Release|Any CPU.Build.0 = Release|Any CPU
		{97108BDE-6E62-4FA0-8707-645594D592E8}.Release|Mixed Platforms.ActiveCfg = Release|Any CPU
		{97108BDE-6E62-4FA0-8707-645594D592E8}.Release|Mixed Platforms.Build.0 = Release|Any CPU
		{97108BDE-6E62-4FA0-8707-645594D592E8}.Release|Win32.ActiveCfg = Release|Any CPU
		{97108BDE-6E62-4FA0-8707-645594D592E8}.Release|x64.ActiveCfg = Release|Any CPU
		{97108BDE-6E62-4FA0-8707-645594D592E8}.Release|x86.ActiveCfg = Release|Any CPU
		{97108BDE-6E62-4FA0-8707-645594D592E8}.Release|x86.Build.0 = Release|Any CPU
		{30933672-466E-4F67-A111-ABF267539146}.Debug_MBCS|Any CPU.ActiveCfg = Debug|Any CPU
		{30933672-466E-4F67-A111-ABF267539146}.Debug_MBCS|Any CPU.Build.0 = Debug|Any CPU
		{30933672-466E-4F67-A111-ABF267539146}.Debug_MBCS|Mixed Platforms.ActiveCfg = Debug|Any CPU
		{30933672-466E-4F67-A111-ABF267539146}.Debug_MBCS|Mixed Platforms.Build.0 = Debug|Any CPU
		{30933672-466E-4F67-A111-ABF267539146}.Debug_MBCS|Win32.ActiveCfg = Debug|Any CPU
		{30933672-466E-4F67-A111-ABF267539146}.Debug_MBCS|x64.ActiveCfg = Debug|Any CPU
		{30933672-466E-4F67-A111-ABF267539146}.Debug_MBCS|x86.ActiveCfg = Debug|Any CPU
		{30933672-466E-4F67-A111-ABF267539146}.Debug|Any CPU.ActiveCfg = Debug|Any CPU
		{30933672-466E-4F67-A111-ABF267539146}.Debug|Any CPU.Build.0 = Debug|Any CPU
		{30933672-466E-4F67-A111-ABF267539146}.Debug|Mixed Platforms.ActiveCfg = Debug|Any CPU
		{30933672-466E-4F67-A111-ABF267539146}.Debug|Mixed Platforms.Build.0 = Debug|Any CPU
		{30933672-466E-4F67-A111-ABF267539146}.Debug|Win32.ActiveCfg = Debug|Any CPU
		{30933672-466E-4F67-A111-ABF267539146}.Debug|x64.ActiveCfg = Debug|Any CPU
		{30933672-466E-4F67-A111-ABF267539146}.Debug|x86.ActiveCfg = Debug|Any CPU
		{30933672-466E-4F67-A111-ABF267539146}.Debug|x86.Build.0 = Debug|Any CPU
		{30933672-466E-4F67-A111-ABF267539146}.Release_MBCS|Any CPU.ActiveCfg = Release|Any CPU
		{30933672-466E-4F67-A111-ABF267539146}.Release_MBCS|Any CPU.Build.0 = Release|Any CPU
		{30933672-466E-4F67-A111-ABF267539146}.Release_MBCS|Mixed Platforms.ActiveCfg = Release|Any CPU
		{30933672-466E-4F67-A111-ABF267539146}.Release_MBCS|Mixed Platforms.Build.0 = Release|Any CPU
		{30933672-466E-4F67-A111-ABF267539146}.Release_MBCS|Win32.ActiveCfg = Release|Any CPU
		{30933672-466E-4F67-A111-ABF267539146}.Release_MBCS|x64.ActiveCfg = Release|Any CPU
		{30933672-466E-4F67-A111-ABF267539146}.Release_MBCS|x86.ActiveCfg = Release|Any CPU
		{30933672-466E-4F67-A111-ABF267539146}.Release|Any CPU.ActiveCfg = Release|Any CPU
		{30933672-466E-4F67-A111-ABF267539146}.Release|Any CPU.Build.0 = Release|Any CPU
		{30933672-466E-4F67-A111-ABF267539146}.Release|Mixed Platforms.ActiveCfg = Release|Any CPU
		{30933672-466E-4F67-A111-ABF267539146}.Release|Mixed Platforms.Build.0 = Release|Any CPU
		{30933672-466E-4F67-A111-ABF267539146}.Release|Win32.ActiveCfg = Release|Any CPU
		{30933672-466E-4F67-A111-ABF267539146}.Release|x64.ActiveCfg = Release|Any CPU
		{30933672-466E-4F67-A111-ABF267539146}.Release|x86.ActiveCfg = Release|Any CPU
		{30933672-466E-4F67-A111-ABF267539146}.Release|x86.Build.0 = Release|Any CPU
		{DE79C6AB-B5A9-4BAF-80FA-22835452785F}.Debug_MBCS|Any CPU.ActiveCfg = Debug|Any CPU
		{DE79C6AB-B5A9-4BAF-80FA-22835452785F}.Debug_MBCS|Any CPU.Build.0 = Debug|Any CPU
		{DE79C6AB-B5A9-4BAF-80FA-22835452785F}.Debug_MBCS|Mixed Platforms.ActiveCfg = Debug|Any CPU
		{DE79C6AB-B5A9-4BAF-80FA-22835452785F}.Debug_MBCS|Mixed Platforms.Build.0 = Debug|Any CPU
		{DE79C6AB-B5A9-4BAF-80FA-22835452785F}.Debug_MBCS|Win32.ActiveCfg = Debug|Any CPU
		{DE79C6AB-B5A9-4BAF-80FA-22835452785F}.Debug_MBCS|x64.ActiveCfg = Debug|Any CPU
		{DE79C6AB-B5A9-4BAF-80FA-22835452785F}.Debug_MBCS|x86.ActiveCfg = Debug|Any CPU
		{DE79C6AB-B5A9-4BAF-80FA-22835452785F}.Debug|Any CPU.ActiveCfg = Debug|Any CPU
		{DE79C6AB-B5A9-4BAF-80FA-22835452785F}.Debug|Any CPU.Build.0 = Debug|Any CPU
		{DE79C6AB-B5A9-4BAF-80FA-22835452785F}.Debug|Mixed Platforms.ActiveCfg = Debug|Any CPU
		{DE79C6AB-B5A9-4BAF-80FA-22835452785F}.Debug|Mixed Platforms.Build.0 = Debug|Any CPU
		{DE79C6AB-B5A9-4BAF-80FA-22835452785F}.Debug|Win32.ActiveCfg = Debug|Any CPU
		{DE79C6AB-B5A9-4BAF-80FA-22835452785F}.Debug|x64.ActiveCfg = Debug|Any CPU
		{DE79C6AB-B5A9-4BAF-80FA-22835452785F}.Debug|x86.ActiveCfg = Debug|Any CPU
		{DE79C6AB-B5A9-4BAF-80FA-22835452785F}.Debug|x86.Build.0 = Debug|Any CPU
		{DE79C6AB-B5A9-4BAF-80FA-22835452785F}.Release_MBCS|Any CPU.ActiveCfg = Release|Any CPU
		{DE79C6AB-B5A9-4BAF-80FA-22835452785F}.Release_MBCS|Any CPU.Build.0 = Release|Any CPU
		{DE79C6AB-B5A9-4BAF-80FA-22835452785F}.Release_MBCS|Mixed Platforms.ActiveCfg = Release|Any CPU
		{DE79C6AB-B5A9-4BAF-80FA-22835452785F}.Release_MBCS|Mixed Platforms.Build.0 = Release|Any CPU
		{DE79C6AB-B5A9-4BAF-80FA-22835452785F}.Release_MBCS|Win32.ActiveCfg = Release|Any CPU
		{DE79C6AB-B5A9-4BAF-80FA-22835452785F}.Release_MBCS|x64.ActiveCfg = Release|Any CPU
		{DE79C6AB-B5A9-4BAF-80FA-22835452785F}.Release_MBCS|x86.ActiveCfg = Release|Any CPU
		{DE79C6AB-B5A9-4BAF-80FA-22835452785F}.Release|Any CPU.ActiveCfg = Release|Any CPU
		{DE79C6AB-B5A9-4BAF-80FA-22835452785F}.Release|Any CPU.Build.0 = Release|Any CPU
		{DE79C6AB-B5A9-4BAF-80FA-22835452785F}.Release|Mixed Platforms.ActiveCfg = Release|Any CPU
		{DE79C6AB-B5A9-4BAF-80FA-22835452785F}.Release|Mixed Platforms.Build.0 = Release|Any CPU
		{DE79C6AB-B5A9-4BAF-80FA-22835452785F}.Release|Win32.ActiveCfg = Release|Any CPU
		{DE79C6AB-B5A9-4BAF-80FA-22835452785F}.Release|x64.ActiveCfg = Release|Any CPU
		{DE79C6AB-B5A9-4BAF-80FA-22835452785F}.Release|x86.ActiveCfg = Release|Any CPU
		{DE79C6AB-B5A9-4BAF-80FA-22835452785F}.Release|x86.Build.0 = Release|Any CPU
		{251CF80D-C7B5-4EF4-A112-BF073245AA4A}.Debug_MBCS|Any CPU.ActiveCfg = Debug
		{251CF80D-C7B5-4EF4-A112-BF073245AA4A}.Debug_MBCS|Mixed Platforms.ActiveCfg = Debug
		{251CF80D-C7B5-4EF4-A112-BF073245AA4A}.Debug_MBCS|Win32.ActiveCfg = Debug
		{251CF80D-C7B5-4EF4-A112-BF073245AA4A}.Debug_MBCS|x64.ActiveCfg = Debug
		{251CF80D-C7B5-4EF4-A112-BF073245AA4A}.Debug_MBCS|x86.ActiveCfg = Debug
		{251CF80D-C7B5-4EF4-A112-BF073245AA4A}.Debug|Any CPU.ActiveCfg = Debug
		{251CF80D-C7B5-4EF4-A112-BF073245AA4A}.Debug|Mixed Platforms.ActiveCfg = Debug
		{251CF80D-C7B5-4EF4-A112-BF073245AA4A}.Debug|Win32.ActiveCfg = Debug
		{251CF80D-C7B5-4EF4-A112-BF073245AA4A}.Debug|x64.ActiveCfg = Debug
		{251CF80D-C7B5-4EF4-A112-BF073245AA4A}.Debug|x86.ActiveCfg = Debug
		{251CF80D-C7B5-4EF4-A112-BF073245AA4A}.Release_MBCS|Any CPU.ActiveCfg = Release
		{251CF80D-C7B5-4EF4-A112-BF073245AA4A}.Release_MBCS|Mixed Platforms.ActiveCfg = Release
		{251CF80D-C7B5-4EF4-A112-BF073245AA4A}.Release_MBCS|Win32.ActiveCfg = Release
		{251CF80D-C7B5-4EF4-A112-BF073245AA4A}.Release_MBCS|x64.ActiveCfg = Release
		{251CF80D-C7B5-4EF4-A112-BF073245AA4A}.Release_MBCS|x86.ActiveCfg = Release
		{251CF80D-C7B5-4EF4-A112-BF073245AA4A}.Release|Any CPU.ActiveCfg = Release
		{251CF80D-C7B5-4EF4-A112-BF073245AA4A}.Release|Mixed Platforms.ActiveCfg = Release
		{251CF80D-C7B5-4EF4-A112-BF073245AA4A}.Release|Win32.ActiveCfg = Release
		{251CF80D-C7B5-4EF4-A112-BF073245AA4A}.Release|x64.ActiveCfg = Release
		{251CF80D-C7B5-4EF4-A112-BF073245AA4A}.Release|x86.ActiveCfg = Release
	EndGlobalSection
	GlobalSection(SolutionProperties) = preSolution
		HideSolutionNode = FALSE
	EndGlobalSection
	GlobalSection(ExtensibilityGlobals) = postSolution
		SolutionGuid = {8098C48E-15E8-4610-A484-31FAE76A9C48}
	EndGlobalSection
EndGlobal
